// !$*UTF8*$!
{
	archiveVersion = 1;
	classes = {
	};
	objectVersion = 55;
	objects = {

/* Begin PBXBuildFile section */
		7BF3FA46E6BE106291C9C88F /* Pods_NFT.framework in Frameworks */ = {isa = PBXBuildFile; fileRef = 7A3C7FB4D3117098617EFDA7 /* Pods_NFT.framework */; };
		E3144B2C2895030A003F2A86 /* MainController.swift in Sources */ = {isa = PBXBuildFile; fileRef = E3144B2B2895030A003F2A86 /* MainController.swift */; };
		E3144B302895076D003F2A86 /* splash.riv in Resources */ = {isa = PBXBuildFile; fileRef = E3144B2F2895076D003F2A86 /* splash.riv */; };
		E3144B3228950780003F2A86 /* shapes.riv in Resources */ = {isa = PBXBuildFile; fileRef = E3144B3128950780003F2A86 /* shapes.riv */; };
		E3AD699B2895924C0012BCD9 /* RegistrationController.swift in Sources */ = {isa = PBXBuildFile; fileRef = E3AD699A2895924C0012BCD9 /* RegistrationController.swift */; };
		E3AD699F2895B82C0012BCD9 /* RegistrationViewModel.swift in Sources */ = {isa = PBXBuildFile; fileRef = E3AD699E2895B82C0012BCD9 /* RegistrationViewModel.swift */; };
		E3AD69A12895B8570012BCD9 /* RegistrationViewModelType.swift in Sources */ = {isa = PBXBuildFile; fileRef = E3AD69A02895B8570012BCD9 /* RegistrationViewModelType.swift */; };
		E3DBC0C228950F2000B96C6C /* SplashController.swift in Sources */ = {isa = PBXBuildFile; fileRef = E3DBC0C128950F2000B96C6C /* SplashController.swift */; };
		E3DBC0C52895104800B96C6C /* MainViewModelType.swift in Sources */ = {isa = PBXBuildFile; fileRef = E3DBC0C42895104800B96C6C /* MainViewModelType.swift */; };
		E3DBC0C72895106900B96C6C /* MainViewModel.swift in Sources */ = {isa = PBXBuildFile; fileRef = E3DBC0C62895106900B96C6C /* MainViewModel.swift */; };
		E3DBC0CB2895115400B96C6C /* NFT+Timer.swift in Sources */ = {isa = PBXBuildFile; fileRef = E3DBC0CA2895115400B96C6C /* NFT+Timer.swift */; };
		E3DBC0D72895167800B96C6C /* BaseController.swift in Sources */ = {isa = PBXBuildFile; fileRef = E3DBC0D62895167800B96C6C /* BaseController.swift */; };
		E3DBC0D82895190A00B96C6C /* NavigatorPresenter.swift in Sources */ = {isa = PBXBuildFile; fileRef = E3DBC0D32895165E00B96C6C /* NavigatorPresenter.swift */; };
		E3DBC0D92895190A00B96C6C /* NavigatorConfig.swift in Sources */ = {isa = PBXBuildFile; fileRef = E3DBC0CF289515F700B96C6C /* NavigatorConfig.swift */; };
		E3DBC0DA2895190A00B96C6C /* Navigator.swift in Sources */ = {isa = PBXBuildFile; fileRef = E3DBC0CD289515D100B96C6C /* Navigator.swift */; };
		E3DBC0DB2895190A00B96C6C /* AuthNavigator.swift in Sources */ = {isa = PBXBuildFile; fileRef = E3DBC0D12895164000B96C6C /* AuthNavigator.swift */; };
		E3DBC0DF2895195600B96C6C /* AuthController.swift in Sources */ = {isa = PBXBuildFile; fileRef = E3DBC0DE2895195600B96C6C /* AuthController.swift */; };
		E3DBC0E428951B9F00B96C6C /* BaseControllerView.swift in Sources */ = {isa = PBXBuildFile; fileRef = E3DBC0E328951B9F00B96C6C /* BaseControllerView.swift */; };
		E3DBC0E82895212200B96C6C /* Appdelegate+Resolver.swift in Sources */ = {isa = PBXBuildFile; fileRef = E3DBC0E72895212200B96C6C /* Appdelegate+Resolver.swift */; };
		E3DBC0EA2895242300B96C6C /* ControllersFactory.swift in Sources */ = {isa = PBXBuildFile; fileRef = E3DBC0E92895242300B96C6C /* ControllersFactory.swift */; };
		E3DBC0ED28952C5200B96C6C /* AuthViewModelType.swift in Sources */ = {isa = PBXBuildFile; fileRef = E3DBC0EC28952C5200B96C6C /* AuthViewModelType.swift */; };
		E3DBC0EF28952C5D00B96C6C /* AuthViewModel.swift in Sources */ = {isa = PBXBuildFile; fileRef = E3DBC0EE28952C5D00B96C6C /* AuthViewModel.swift */; };
		E3DBC0F32895358000B96C6C /* DesignSystem+Color.swift in Sources */ = {isa = PBXBuildFile; fileRef = E3DBC0F22895358000B96C6C /* DesignSystem+Color.swift */; };
		E3DBC0F5289535F200B96C6C /* Spacing.swift in Sources */ = {isa = PBXBuildFile; fileRef = E3DBC0F4289535F200B96C6C /* Spacing.swift */; };
		E3DBC0F7289536A400B96C6C /* NFT+CGFloat.swift in Sources */ = {isa = PBXBuildFile; fileRef = E3DBC0F6289536A400B96C6C /* NFT+CGFloat.swift */; };
		E3DBC0F92895378200B96C6C /* NFT+UIFont.swift in Sources */ = {isa = PBXBuildFile; fileRef = E3DBC0F82895378200B96C6C /* NFT+UIFont.swift */; };
		E3DBC0FB289539E200B96C6C /* CornerRadius.swift in Sources */ = {isa = PBXBuildFile; fileRef = E3DBC0FA289539E200B96C6C /* CornerRadius.swift */; };
		E3DBC0FD28953A3A00B96C6C /* NFT+UIView.swift in Sources */ = {isa = PBXBuildFile; fileRef = E3DBC0FC28953A3A00B96C6C /* NFT+UIView.swift */; };
		E3DBC10128953D3000B96C6C /* NFT+UITextField.swift in Sources */ = {isa = PBXBuildFile; fileRef = E3DBC10028953D3000B96C6C /* NFT+UITextField.swift */; };
		E3DBC103289549D900B96C6C /* NFT+String.swift in Sources */ = {isa = PBXBuildFile; fileRef = E3DBC102289549D900B96C6C /* NFT+String.swift */; };
		E3DBC10728957C6900B96C6C /* User.swift in Sources */ = {isa = PBXBuildFile; fileRef = E3DBC10628957C6900B96C6C /* User.swift */; };
		E3DBC10B28957CCC00B96C6C /* UserRepository.swift in Sources */ = {isa = PBXBuildFile; fileRef = E3DBC10A28957CCC00B96C6C /* UserRepository.swift */; };
		E3DBC10E2895840D00B96C6C /* CurrentSessionProvider.swift in Sources */ = {isa = PBXBuildFile; fileRef = E3DBC10D2895840D00B96C6C /* CurrentSessionProvider.swift */; };
		E3FC38E82894FF74002441C9 /* AppDelegate.swift in Sources */ = {isa = PBXBuildFile; fileRef = E3FC38E72894FF74002441C9 /* AppDelegate.swift */; };
		E3FC38EA2894FF74002441C9 /* SceneDelegate.swift in Sources */ = {isa = PBXBuildFile; fileRef = E3FC38E92894FF74002441C9 /* SceneDelegate.swift */; };
		E3FC38F12894FF75002441C9 /* Assets.xcassets in Resources */ = {isa = PBXBuildFile; fileRef = E3FC38F02894FF75002441C9 /* Assets.xcassets */; };
		E3FC38F42894FF75002441C9 /* LaunchScreen.storyboard in Resources */ = {isa = PBXBuildFile; fileRef = E3FC38F22894FF75002441C9 /* LaunchScreen.storyboard */; };
/* End PBXBuildFile section */

/* Begin PBXFileReference section */
		7A3C7FB4D3117098617EFDA7 /* Pods_NFT.framework */ = {isa = PBXFileReference; explicitFileType = wrapper.framework; includeInIndex = 0; path = Pods_NFT.framework; sourceTree = BUILT_PRODUCTS_DIR; };
		B00DDF38B179AD541803755A /* Pods-NFT.release.xcconfig */ = {isa = PBXFileReference; includeInIndex = 1; lastKnownFileType = text.xcconfig; name = "Pods-NFT.release.xcconfig"; path = "Target Support Files/Pods-NFT/Pods-NFT.release.xcconfig"; sourceTree = "<group>"; };
		E3144B2B2895030A003F2A86 /* MainController.swift */ = {isa = PBXFileReference; lastKnownFileType = sourcecode.swift; path = MainController.swift; sourceTree = "<group>"; };
		E3144B2F2895076D003F2A86 /* splash.riv */ = {isa = PBXFileReference; lastKnownFileType = file; path = splash.riv; sourceTree = "<group>"; };
		E3144B3128950780003F2A86 /* shapes.riv */ = {isa = PBXFileReference; lastKnownFileType = file; path = shapes.riv; sourceTree = "<group>"; };
		E3AD699A2895924C0012BCD9 /* RegistrationController.swift */ = {isa = PBXFileReference; lastKnownFileType = sourcecode.swift; path = RegistrationController.swift; sourceTree = "<group>"; };
		E3AD699C2895AFC10012BCD9 /* NFT.entitlements */ = {isa = PBXFileReference; lastKnownFileType = text.plist.entitlements; path = NFT.entitlements; sourceTree = "<group>"; };
		E3AD699E2895B82C0012BCD9 /* RegistrationViewModel.swift */ = {isa = PBXFileReference; lastKnownFileType = sourcecode.swift; path = RegistrationViewModel.swift; sourceTree = "<group>"; };
		E3AD69A02895B8570012BCD9 /* RegistrationViewModelType.swift */ = {isa = PBXFileReference; lastKnownFileType = sourcecode.swift; path = RegistrationViewModelType.swift; sourceTree = "<group>"; };
		E3DBC0C128950F2000B96C6C /* SplashController.swift */ = {isa = PBXFileReference; lastKnownFileType = sourcecode.swift; path = SplashController.swift; sourceTree = "<group>"; };
		E3DBC0C42895104800B96C6C /* MainViewModelType.swift */ = {isa = PBXFileReference; lastKnownFileType = sourcecode.swift; path = MainViewModelType.swift; sourceTree = "<group>"; };
		E3DBC0C62895106900B96C6C /* MainViewModel.swift */ = {isa = PBXFileReference; lastKnownFileType = sourcecode.swift; path = MainViewModel.swift; sourceTree = "<group>"; };
		E3DBC0CA2895115400B96C6C /* NFT+Timer.swift */ = {isa = PBXFileReference; lastKnownFileType = sourcecode.swift; path = "NFT+Timer.swift"; sourceTree = "<group>"; };
		E3DBC0CD289515D100B96C6C /* Navigator.swift */ = {isa = PBXFileReference; lastKnownFileType = sourcecode.swift; path = Navigator.swift; sourceTree = "<group>"; };
		E3DBC0CF289515F700B96C6C /* NavigatorConfig.swift */ = {isa = PBXFileReference; lastKnownFileType = sourcecode.swift; path = NavigatorConfig.swift; sourceTree = "<group>"; };
		E3DBC0D12895164000B96C6C /* AuthNavigator.swift */ = {isa = PBXFileReference; lastKnownFileType = sourcecode.swift; path = AuthNavigator.swift; sourceTree = "<group>"; };
		E3DBC0D32895165E00B96C6C /* NavigatorPresenter.swift */ = {isa = PBXFileReference; lastKnownFileType = sourcecode.swift; path = NavigatorPresenter.swift; sourceTree = "<group>"; };
		E3DBC0D62895167800B96C6C /* BaseController.swift */ = {isa = PBXFileReference; lastKnownFileType = sourcecode.swift; path = BaseController.swift; sourceTree = "<group>"; };
		E3DBC0DE2895195600B96C6C /* AuthController.swift */ = {isa = PBXFileReference; lastKnownFileType = sourcecode.swift; path = AuthController.swift; sourceTree = "<group>"; };
		E3DBC0E328951B9F00B96C6C /* BaseControllerView.swift */ = {isa = PBXFileReference; lastKnownFileType = sourcecode.swift; path = BaseControllerView.swift; sourceTree = "<group>"; };
		E3DBC0E72895212200B96C6C /* Appdelegate+Resolver.swift */ = {isa = PBXFileReference; lastKnownFileType = sourcecode.swift; path = "Appdelegate+Resolver.swift"; sourceTree = "<group>"; };
		E3DBC0E92895242300B96C6C /* ControllersFactory.swift */ = {isa = PBXFileReference; lastKnownFileType = sourcecode.swift; path = ControllersFactory.swift; sourceTree = "<group>"; };
		E3DBC0EC28952C5200B96C6C /* AuthViewModelType.swift */ = {isa = PBXFileReference; lastKnownFileType = sourcecode.swift; path = AuthViewModelType.swift; sourceTree = "<group>"; };
		E3DBC0EE28952C5D00B96C6C /* AuthViewModel.swift */ = {isa = PBXFileReference; lastKnownFileType = sourcecode.swift; path = AuthViewModel.swift; sourceTree = "<group>"; };
		E3DBC0F22895358000B96C6C /* DesignSystem+Color.swift */ = {isa = PBXFileReference; lastKnownFileType = sourcecode.swift; path = "DesignSystem+Color.swift"; sourceTree = "<group>"; };
		E3DBC0F4289535F200B96C6C /* Spacing.swift */ = {isa = PBXFileReference; lastKnownFileType = sourcecode.swift; path = Spacing.swift; sourceTree = "<group>"; };
		E3DBC0F6289536A400B96C6C /* NFT+CGFloat.swift */ = {isa = PBXFileReference; lastKnownFileType = sourcecode.swift; path = "NFT+CGFloat.swift"; sourceTree = "<group>"; };
		E3DBC0F82895378200B96C6C /* NFT+UIFont.swift */ = {isa = PBXFileReference; lastKnownFileType = sourcecode.swift; path = "NFT+UIFont.swift"; sourceTree = "<group>"; };
		E3DBC0FA289539E200B96C6C /* CornerRadius.swift */ = {isa = PBXFileReference; lastKnownFileType = sourcecode.swift; path = CornerRadius.swift; sourceTree = "<group>"; };
		E3DBC0FC28953A3A00B96C6C /* NFT+UIView.swift */ = {isa = PBXFileReference; lastKnownFileType = sourcecode.swift; path = "NFT+UIView.swift"; sourceTree = "<group>"; };
		E3DBC10028953D3000B96C6C /* NFT+UITextField.swift */ = {isa = PBXFileReference; lastKnownFileType = sourcecode.swift; path = "NFT+UITextField.swift"; sourceTree = "<group>"; };
		E3DBC102289549D900B96C6C /* NFT+String.swift */ = {isa = PBXFileReference; lastKnownFileType = sourcecode.swift; path = "NFT+String.swift"; sourceTree = "<group>"; };
		E3DBC10628957C6900B96C6C /* User.swift */ = {isa = PBXFileReference; lastKnownFileType = sourcecode.swift; path = User.swift; sourceTree = "<group>"; };
		E3DBC10A28957CCC00B96C6C /* UserRepository.swift */ = {isa = PBXFileReference; lastKnownFileType = sourcecode.swift; path = UserRepository.swift; sourceTree = "<group>"; };
		E3DBC10D2895840D00B96C6C /* CurrentSessionProvider.swift */ = {isa = PBXFileReference; lastKnownFileType = sourcecode.swift; path = CurrentSessionProvider.swift; sourceTree = "<group>"; };
		E3FC38E42894FF74002441C9 /* NFT.app */ = {isa = PBXFileReference; explicitFileType = wrapper.application; includeInIndex = 0; path = NFT.app; sourceTree = BUILT_PRODUCTS_DIR; };
		E3FC38E72894FF74002441C9 /* AppDelegate.swift */ = {isa = PBXFileReference; lastKnownFileType = sourcecode.swift; path = AppDelegate.swift; sourceTree = "<group>"; };
		E3FC38E92894FF74002441C9 /* SceneDelegate.swift */ = {isa = PBXFileReference; lastKnownFileType = sourcecode.swift; path = SceneDelegate.swift; sourceTree = "<group>"; };
		E3FC38F02894FF75002441C9 /* Assets.xcassets */ = {isa = PBXFileReference; lastKnownFileType = folder.assetcatalog; path = Assets.xcassets; sourceTree = "<group>"; };
		E3FC38F32894FF75002441C9 /* Base */ = {isa = PBXFileReference; lastKnownFileType = file.storyboard; name = Base; path = Base.lproj/LaunchScreen.storyboard; sourceTree = "<group>"; };
		E3FC38F52894FF75002441C9 /* Info.plist */ = {isa = PBXFileReference; lastKnownFileType = text.plist.xml; path = Info.plist; sourceTree = "<group>"; };
		F3E0C0CA4A01455C313CE915 /* Pods-NFT.debug.xcconfig */ = {isa = PBXFileReference; includeInIndex = 1; lastKnownFileType = text.xcconfig; name = "Pods-NFT.debug.xcconfig"; path = "Target Support Files/Pods-NFT/Pods-NFT.debug.xcconfig"; sourceTree = "<group>"; };
/* End PBXFileReference section */

/* Begin PBXFrameworksBuildPhase section */
		E3FC38E12894FF74002441C9 /* Frameworks */ = {
			isa = PBXFrameworksBuildPhase;
			buildActionMask = 2147483647;
			files = (
				7BF3FA46E6BE106291C9C88F /* Pods_NFT.framework in Frameworks */,
			);
			runOnlyForDeploymentPostprocessing = 0;
		};
/* End PBXFrameworksBuildPhase section */

/* Begin PBXGroup section */
		E3144B282895029C003F2A86 /* Scenes */ = {
			isa = PBXGroup;
			children = (
				E3AD6998289592390012BCD9 /* Registration */,
				E3DBC0DC2895193C00B96C6C /* Auth */,
				E3DBC0BF28950F0F00B96C6C /* Splash */,
				E3144B29289502A2003F2A86 /* Main */,
			);
			path = Scenes;
			sourceTree = "<group>";
		};
		E3144B29289502A2003F2A86 /* Main */ = {
			isa = PBXGroup;
			children = (
				E3DBC0C32895103400B96C6C /* ViewModel */,
				E3144B2A28950301003F2A86 /* Controller */,
			);
			path = Main;
			sourceTree = "<group>";
		};
		E3144B2A28950301003F2A86 /* Controller */ = {
			isa = PBXGroup;
			children = (
				E3144B2B2895030A003F2A86 /* MainController.swift */,
			);
			path = Controller;
			sourceTree = "<group>";
		};
		E3144B2D28950426003F2A86 /* Assets */ = {
			isa = PBXGroup;
			children = (
				E3FC38F02894FF75002441C9 /* Assets.xcassets */,
				E3144B2E28950756003F2A86 /* Rive */,
			);
			path = Assets;
			sourceTree = "<group>";
		};
		E3144B2E28950756003F2A86 /* Rive */ = {
			isa = PBXGroup;
			children = (
				E3144B3128950780003F2A86 /* shapes.riv */,
				E3144B2F2895076D003F2A86 /* splash.riv */,
			);
			path = Rive;
			sourceTree = "<group>";
		};
		E3AD6998289592390012BCD9 /* Registration */ = {
			isa = PBXGroup;
			children = (
				E3AD699D2895B81F0012BCD9 /* ViewModel */,
				E3AD6999289592410012BCD9 /* Coontroller */,
			);
			path = Registration;
			sourceTree = "<group>";
		};
		E3AD6999289592410012BCD9 /* Coontroller */ = {
			isa = PBXGroup;
			children = (
				E3AD699A2895924C0012BCD9 /* RegistrationController.swift */,
			);
			path = Coontroller;
			sourceTree = "<group>";
		};
		E3AD699D2895B81F0012BCD9 /* ViewModel */ = {
			isa = PBXGroup;
			children = (
				E3AD699E2895B82C0012BCD9 /* RegistrationViewModel.swift */,
				E3AD69A02895B8570012BCD9 /* RegistrationViewModelType.swift */,
			);
			path = ViewModel;
			sourceTree = "<group>";
		};
		E3DBC0BF28950F0F00B96C6C /* Splash */ = {
			isa = PBXGroup;
			children = (
				E3DBC0C028950F1500B96C6C /* Controller */,
			);
			path = Splash;
			sourceTree = "<group>";
		};
		E3DBC0C028950F1500B96C6C /* Controller */ = {
			isa = PBXGroup;
			children = (
				E3DBC0C128950F2000B96C6C /* SplashController.swift */,
			);
			path = Controller;
			sourceTree = "<group>";
		};
		E3DBC0C32895103400B96C6C /* ViewModel */ = {
			isa = PBXGroup;
			children = (
				E3DBC0C42895104800B96C6C /* MainViewModelType.swift */,
				E3DBC0C62895106900B96C6C /* MainViewModel.swift */,
			);
			path = ViewModel;
			sourceTree = "<group>";
		};
		E3DBC0C82895114700B96C6C /* Core */ = {
			isa = PBXGroup;
			children = (
				E3DBC10C2895840000B96C6C /* Session */,
				E3DBC10428957C5700B96C6C /* Domain */,
				E3DBC0F02895356700B96C6C /* DesignSystem */,
				E3DBC0E62895210700B96C6C /* Resolver */,
				E3DBC0D52895166F00B96C6C /* Controllers */,
				E3DBC0CC289515C300B96C6C /* Navigator */,
				E3DBC0C92895114B00B96C6C /* Extensions */,
			);
			path = Core;
			sourceTree = "<group>";
		};
		E3DBC0C92895114B00B96C6C /* Extensions */ = {
			isa = PBXGroup;
			children = (
				E3DBC0CA2895115400B96C6C /* NFT+Timer.swift */,
				E3DBC0F6289536A400B96C6C /* NFT+CGFloat.swift */,
				E3DBC0F82895378200B96C6C /* NFT+UIFont.swift */,
				E3DBC0FC28953A3A00B96C6C /* NFT+UIView.swift */,
				E3DBC10028953D3000B96C6C /* NFT+UITextField.swift */,
				E3DBC102289549D900B96C6C /* NFT+String.swift */,
			);
			path = Extensions;
			sourceTree = "<group>";
		};
		E3DBC0CC289515C300B96C6C /* Navigator */ = {
			isa = PBXGroup;
			children = (
				E3DBC0CD289515D100B96C6C /* Navigator.swift */,
				E3DBC0CF289515F700B96C6C /* NavigatorConfig.swift */,
				E3DBC0D12895164000B96C6C /* AuthNavigator.swift */,
				E3DBC0D32895165E00B96C6C /* NavigatorPresenter.swift */,
			);
			path = Navigator;
			sourceTree = "<group>";
		};
		E3DBC0D52895166F00B96C6C /* Controllers */ = {
			isa = PBXGroup;
			children = (
				E3DBC0D62895167800B96C6C /* BaseController.swift */,
				E3DBC0E92895242300B96C6C /* ControllersFactory.swift */,
			);
			path = Controllers;
			sourceTree = "<group>";
		};
		E3DBC0DC2895193C00B96C6C /* Auth */ = {
			isa = PBXGroup;
			children = (
				E3DBC0EB28952C4800B96C6C /* ViewModel */,
				E3DBC0DD2895194D00B96C6C /* Controller */,
			);
			path = Auth;
			sourceTree = "<group>";
		};
		E3DBC0DD2895194D00B96C6C /* Controller */ = {
			isa = PBXGroup;
			children = (
				E3DBC0DE2895195600B96C6C /* AuthController.swift */,
			);
			path = Controller;
			sourceTree = "<group>";
		};
		E3DBC0E028951B8100B96C6C /* Shared */ = {
			isa = PBXGroup;
			children = (
				E3DBC0E128951B8700B96C6C /* Views */,
			);
			path = Shared;
			sourceTree = "<group>";
		};
		E3DBC0E128951B8700B96C6C /* Views */ = {
			isa = PBXGroup;
			children = (
				E3DBC0E228951B9300B96C6C /* BaseControllerView */,
			);
			path = Views;
			sourceTree = "<group>";
		};
		E3DBC0E228951B9300B96C6C /* BaseControllerView */ = {
			isa = PBXGroup;
			children = (
				E3DBC0E328951B9F00B96C6C /* BaseControllerView.swift */,
			);
			path = BaseControllerView;
			sourceTree = "<group>";
		};
		E3DBC0E62895210700B96C6C /* Resolver */ = {
			isa = PBXGroup;
			children = (
				E3DBC0E72895212200B96C6C /* Appdelegate+Resolver.swift */,
			);
			path = Resolver;
			sourceTree = "<group>";
		};
		E3DBC0EB28952C4800B96C6C /* ViewModel */ = {
			isa = PBXGroup;
			children = (
				E3DBC0EC28952C5200B96C6C /* AuthViewModelType.swift */,
				E3DBC0EE28952C5D00B96C6C /* AuthViewModel.swift */,
			);
			path = ViewModel;
			sourceTree = "<group>";
		};
		E3DBC0F02895356700B96C6C /* DesignSystem */ = {
			isa = PBXGroup;
			children = (
				E3DBC0FA289539E200B96C6C /* CornerRadius.swift */,
				E3DBC0F4289535F200B96C6C /* Spacing.swift */,
				E3DBC0F12895357100B96C6C /* Extensions */,
			);
			path = DesignSystem;
			sourceTree = "<group>";
		};
		E3DBC0F12895357100B96C6C /* Extensions */ = {
			isa = PBXGroup;
			children = (
				E3DBC0F22895358000B96C6C /* DesignSystem+Color.swift */,
			);
			path = Extensions;
			sourceTree = "<group>";
		};
		E3DBC10428957C5700B96C6C /* Domain */ = {
			isa = PBXGroup;
			children = (
				E3DBC10828957CB100B96C6C /* Repository */,
				E3DBC10528957C5C00B96C6C /* Models */,
			);
			path = Domain;
			sourceTree = "<group>";
		};
		E3DBC10528957C5C00B96C6C /* Models */ = {
			isa = PBXGroup;
			children = (
				E3DBC10628957C6900B96C6C /* User.swift */,
			);
			path = Models;
			sourceTree = "<group>";
		};
		E3DBC10828957CB100B96C6C /* Repository */ = {
			isa = PBXGroup;
			children = (
				E3DBC10928957CBB00B96C6C /* User */,
			);
			path = Repository;
			sourceTree = "<group>";
		};
		E3DBC10928957CBB00B96C6C /* User */ = {
			isa = PBXGroup;
			children = (
				E3DBC10A28957CCC00B96C6C /* UserRepository.swift */,
			);
			path = User;
			sourceTree = "<group>";
		};
		E3DBC10C2895840000B96C6C /* Session */ = {
			isa = PBXGroup;
			children = (
				E3DBC10D2895840D00B96C6C /* CurrentSessionProvider.swift */,
			);
			path = Session;
			sourceTree = "<group>";
		};
		E3FC38DB2894FF74002441C9 = {
			isa = PBXGroup;
			children = (
				E3DBC0C82895114700B96C6C /* Core */,
				E3FC38E62894FF74002441C9 /* NFT */,
				E3FC38E52894FF74002441C9 /* Products */,
				EB05D1CA28D45A8D70F11D55 /* Pods */,
				FC203D0DFE6A59F3654AF6AD /* Frameworks */,
			);
			sourceTree = "<group>";
		};
		E3FC38E52894FF74002441C9 /* Products */ = {
			isa = PBXGroup;
			children = (
				E3FC38E42894FF74002441C9 /* NFT.app */,
			);
			name = Products;
			sourceTree = "<group>";
		};
		E3FC38E62894FF74002441C9 /* NFT */ = {
			isa = PBXGroup;
			children = (
				E3AD699C2895AFC10012BCD9 /* NFT.entitlements */,
				E3DBC0E028951B8100B96C6C /* Shared */,
				E3144B2D28950426003F2A86 /* Assets */,
				E3144B282895029C003F2A86 /* Scenes */,
				E3FC38E72894FF74002441C9 /* AppDelegate.swift */,
				E3FC38E92894FF74002441C9 /* SceneDelegate.swift */,
				E3FC38F22894FF75002441C9 /* LaunchScreen.storyboard */,
				E3FC38F52894FF75002441C9 /* Info.plist */,
			);
			path = NFT;
			sourceTree = "<group>";
		};
		EB05D1CA28D45A8D70F11D55 /* Pods */ = {
			isa = PBXGroup;
			children = (
				F3E0C0CA4A01455C313CE915 /* Pods-NFT.debug.xcconfig */,
				B00DDF38B179AD541803755A /* Pods-NFT.release.xcconfig */,
			);
			path = Pods;
			sourceTree = "<group>";
		};
		FC203D0DFE6A59F3654AF6AD /* Frameworks */ = {
			isa = PBXGroup;
			children = (
				7A3C7FB4D3117098617EFDA7 /* Pods_NFT.framework */,
			);
			name = Frameworks;
			sourceTree = "<group>";
		};
/* End PBXGroup section */

/* Begin PBXNativeTarget section */
		E3FC38E32894FF74002441C9 /* NFT */ = {
			isa = PBXNativeTarget;
			buildConfigurationList = E3FC38F82894FF75002441C9 /* Build configuration list for PBXNativeTarget "NFT" */;
			buildPhases = (
				795F2803A7E6246BBDC1F111 /* [CP] Check Pods Manifest.lock */,
				E3FC38E02894FF74002441C9 /* Sources */,
				E3FC38E12894FF74002441C9 /* Frameworks */,
				E3FC38E22894FF74002441C9 /* Resources */,
				AF06D95E2FC90EFF6F2757C6 /* [CP] Embed Pods Frameworks */,
			);
			buildRules = (
			);
			dependencies = (
			);
			name = NFT;
			productName = NFT;
			productReference = E3FC38E42894FF74002441C9 /* NFT.app */;
			productType = "com.apple.product-type.application";
		};
/* End PBXNativeTarget section */

/* Begin PBXProject section */
		E3FC38DC2894FF74002441C9 /* Project object */ = {
			isa = PBXProject;
			attributes = {
				BuildIndependentTargetsInParallel = 1;
				LastSwiftUpdateCheck = 1340;
				LastUpgradeCheck = 1340;
				TargetAttributes = {
					E3FC38E32894FF74002441C9 = {
						CreatedOnToolsVersion = 13.4.1;
					};
				};
			};
			buildConfigurationList = E3FC38DF2894FF74002441C9 /* Build configuration list for PBXProject "NFT" */;
			compatibilityVersion = "Xcode 13.0";
			developmentRegion = en;
			hasScannedForEncodings = 0;
			knownRegions = (
				en,
				Base,
			);
			mainGroup = E3FC38DB2894FF74002441C9;
			productRefGroup = E3FC38E52894FF74002441C9 /* Products */;
			projectDirPath = "";
			projectRoot = "";
			targets = (
				E3FC38E32894FF74002441C9 /* NFT */,
			);
		};
/* End PBXProject section */

/* Begin PBXResourcesBuildPhase section */
		E3FC38E22894FF74002441C9 /* Resources */ = {
			isa = PBXResourcesBuildPhase;
			buildActionMask = 2147483647;
			files = (
				E3144B302895076D003F2A86 /* splash.riv in Resources */,
				E3144B3228950780003F2A86 /* shapes.riv in Resources */,
				E3FC38F42894FF75002441C9 /* LaunchScreen.storyboard in Resources */,
				E3FC38F12894FF75002441C9 /* Assets.xcassets in Resources */,
			);
			runOnlyForDeploymentPostprocessing = 0;
		};
/* End PBXResourcesBuildPhase section */

/* Begin PBXShellScriptBuildPhase section */
		795F2803A7E6246BBDC1F111 /* [CP] Check Pods Manifest.lock */ = {
			isa = PBXShellScriptBuildPhase;
			buildActionMask = 2147483647;
			files = (
			);
			inputFileListPaths = (
			);
			inputPaths = (
				"${PODS_PODFILE_DIR_PATH}/Podfile.lock",
				"${PODS_ROOT}/Manifest.lock",
			);
			name = "[CP] Check Pods Manifest.lock";
			outputFileListPaths = (
			);
			outputPaths = (
				"$(DERIVED_FILE_DIR)/Pods-NFT-checkManifestLockResult.txt",
			);
			runOnlyForDeploymentPostprocessing = 0;
			shellPath = /bin/sh;
			shellScript = "diff \"${PODS_PODFILE_DIR_PATH}/Podfile.lock\" \"${PODS_ROOT}/Manifest.lock\" > /dev/null\nif [ $? != 0 ] ; then\n    # print error to STDERR\n    echo \"error: The sandbox is not in sync with the Podfile.lock. Run 'pod install' or update your CocoaPods installation.\" >&2\n    exit 1\nfi\n# This output is used by Xcode 'outputs' to avoid re-running this script phase.\necho \"SUCCESS\" > \"${SCRIPT_OUTPUT_FILE_0}\"\n";
			showEnvVarsInLog = 0;
		};
		AF06D95E2FC90EFF6F2757C6 /* [CP] Embed Pods Frameworks */ = {
			isa = PBXShellScriptBuildPhase;
			buildActionMask = 2147483647;
			files = (
			);
			inputFileListPaths = (
				"${PODS_ROOT}/Target Support Files/Pods-NFT/Pods-NFT-frameworks-${CONFIGURATION}-input-files.xcfilelist",
			);
			name = "[CP] Embed Pods Frameworks";
			outputFileListPaths = (
				"${PODS_ROOT}/Target Support Files/Pods-NFT/Pods-NFT-frameworks-${CONFIGURATION}-output-files.xcfilelist",
			);
			runOnlyForDeploymentPostprocessing = 0;
			shellPath = /bin/sh;
			shellScript = "\"${PODS_ROOT}/Target Support Files/Pods-NFT/Pods-NFT-frameworks.sh\"\n";
			showEnvVarsInLog = 0;
		};
/* End PBXShellScriptBuildPhase section */

/* Begin PBXSourcesBuildPhase section */
		E3FC38E02894FF74002441C9 /* Sources */ = {
			isa = PBXSourcesBuildPhase;
			buildActionMask = 2147483647;
			files = (
				E3DBC0C228950F2000B96C6C /* SplashController.swift in Sources */,
				E3DBC0F92895378200B96C6C /* NFT+UIFont.swift in Sources */,
				E3FC38E82894FF74002441C9 /* AppDelegate.swift in Sources */,
				E3AD69A12895B8570012BCD9 /* RegistrationViewModelType.swift in Sources */,
				E3DBC0EA2895242300B96C6C /* ControllersFactory.swift in Sources */,
				E3DBC0CB2895115400B96C6C /* NFT+Timer.swift in Sources */,
				E3DBC10728957C6900B96C6C /* User.swift in Sources */,
				E3DBC10E2895840D00B96C6C /* CurrentSessionProvider.swift in Sources */,
				E3DBC0C52895104800B96C6C /* MainViewModelType.swift in Sources */,
				E3DBC0DF2895195600B96C6C /* AuthController.swift in Sources */,
				E3AD699F2895B82C0012BCD9 /* RegistrationViewModel.swift in Sources */,
				E3DBC0E428951B9F00B96C6C /* BaseControllerView.swift in Sources */,
				E3144B2C2895030A003F2A86 /* MainController.swift in Sources */,
				E3DBC10B28957CCC00B96C6C /* UserRepository.swift in Sources */,
				E3DBC0EF28952C5D00B96C6C /* AuthViewModel.swift in Sources */,
				E3DBC0DA2895190A00B96C6C /* Navigator.swift in Sources */,
				E3DBC103289549D900B96C6C /* NFT+String.swift in Sources */,
				E3FC38EA2894FF74002441C9 /* SceneDelegate.swift in Sources */,
				E3DBC0D72895167800B96C6C /* BaseController.swift in Sources */,
				E3DBC0C72895106900B96C6C /* MainViewModel.swift in Sources */,
				E3DBC0F32895358000B96C6C /* DesignSystem+Color.swift in Sources */,
				E3DBC0FD28953A3A00B96C6C /* NFT+UIView.swift in Sources */,
				E3DBC0ED28952C5200B96C6C /* AuthViewModelType.swift in Sources */,
				E3DBC0D82895190A00B96C6C /* NavigatorPresenter.swift in Sources */,
				E3DBC0FB289539E200B96C6C /* CornerRadius.swift in Sources */,
				E3DBC0F7289536A400B96C6C /* NFT+CGFloat.swift in Sources */,
				E3DBC0D92895190A00B96C6C /* NavigatorConfig.swift in Sources */,
				E3DBC10128953D3000B96C6C /* NFT+UITextField.swift in Sources */,
				E3DBC0E82895212200B96C6C /* Appdelegate+Resolver.swift in Sources */,
				E3DBC0DB2895190A00B96C6C /* AuthNavigator.swift in Sources */,
				E3AD699B2895924C0012BCD9 /* RegistrationController.swift in Sources */,
				E3DBC0F5289535F200B96C6C /* Spacing.swift in Sources */,
			);
			runOnlyForDeploymentPostprocessing = 0;
		};
/* End PBXSourcesBuildPhase section */

/* Begin PBXVariantGroup section */
		E3FC38F22894FF75002441C9 /* LaunchScreen.storyboard */ = {
			isa = PBXVariantGroup;
			children = (
				E3FC38F32894FF75002441C9 /* Base */,
			);
			name = LaunchScreen.storyboard;
			sourceTree = "<group>";
		};
/* End PBXVariantGroup section */

/* Begin XCBuildConfiguration section */
		E3FC38F62894FF75002441C9 /* Debug */ = {
			isa = XCBuildConfiguration;
			buildSettings = {
				ALWAYS_SEARCH_USER_PATHS = NO;
				CLANG_ANALYZER_NONNULL = YES;
				CLANG_ANALYZER_NUMBER_OBJECT_CONVERSION = YES_AGGRESSIVE;
				CLANG_CXX_LANGUAGE_STANDARD = "gnu++17";
				CLANG_ENABLE_MODULES = YES;
				CLANG_ENABLE_OBJC_ARC = YES;
				CLANG_ENABLE_OBJC_WEAK = YES;
				CLANG_WARN_BLOCK_CAPTURE_AUTORELEASING = YES;
				CLANG_WARN_BOOL_CONVERSION = YES;
				CLANG_WARN_COMMA = YES;
				CLANG_WARN_CONSTANT_CONVERSION = YES;
				CLANG_WARN_DEPRECATED_OBJC_IMPLEMENTATIONS = YES;
				CLANG_WARN_DIRECT_OBJC_ISA_USAGE = YES_ERROR;
				CLANG_WARN_DOCUMENTATION_COMMENTS = YES;
				CLANG_WARN_EMPTY_BODY = YES;
				CLANG_WARN_ENUM_CONVERSION = YES;
				CLANG_WARN_INFINITE_RECURSION = YES;
				CLANG_WARN_INT_CONVERSION = YES;
				CLANG_WARN_NON_LITERAL_NULL_CONVERSION = YES;
				CLANG_WARN_OBJC_IMPLICIT_RETAIN_SELF = YES;
				CLANG_WARN_OBJC_LITERAL_CONVERSION = YES;
				CLANG_WARN_OBJC_ROOT_CLASS = YES_ERROR;
				CLANG_WARN_QUOTED_INCLUDE_IN_FRAMEWORK_HEADER = YES;
				CLANG_WARN_RANGE_LOOP_ANALYSIS = YES;
				CLANG_WARN_STRICT_PROTOTYPES = YES;
				CLANG_WARN_SUSPICIOUS_MOVE = YES;
				CLANG_WARN_UNGUARDED_AVAILABILITY = YES_AGGRESSIVE;
				CLANG_WARN_UNREACHABLE_CODE = YES;
				CLANG_WARN__DUPLICATE_METHOD_MATCH = YES;
				COPY_PHASE_STRIP = NO;
				DEBUG_INFORMATION_FORMAT = dwarf;
				ENABLE_STRICT_OBJC_MSGSEND = YES;
				ENABLE_TESTABILITY = YES;
				GCC_C_LANGUAGE_STANDARD = gnu11;
				GCC_DYNAMIC_NO_PIC = NO;
				GCC_NO_COMMON_BLOCKS = YES;
				GCC_OPTIMIZATION_LEVEL = 0;
				GCC_PREPROCESSOR_DEFINITIONS = (
					"DEBUG=1",
					"$(inherited)",
				);
				GCC_WARN_64_TO_32_BIT_CONVERSION = YES;
				GCC_WARN_ABOUT_RETURN_TYPE = YES_ERROR;
				GCC_WARN_UNDECLARED_SELECTOR = YES;
				GCC_WARN_UNINITIALIZED_AUTOS = YES_AGGRESSIVE;
				GCC_WARN_UNUSED_FUNCTION = YES;
				GCC_WARN_UNUSED_VARIABLE = YES;
				IPHONEOS_DEPLOYMENT_TARGET = 15.5;
				MTL_ENABLE_DEBUG_INFO = INCLUDE_SOURCE;
				MTL_FAST_MATH = YES;
				ONLY_ACTIVE_ARCH = YES;
				SDKROOT = iphoneos;
				SWIFT_ACTIVE_COMPILATION_CONDITIONS = DEBUG;
				SWIFT_OPTIMIZATION_LEVEL = "-Onone";
			};
			name = Debug;
		};
		E3FC38F72894FF75002441C9 /* Release */ = {
			isa = XCBuildConfiguration;
			buildSettings = {
				ALWAYS_SEARCH_USER_PATHS = NO;
				CLANG_ANALYZER_NONNULL = YES;
				CLANG_ANALYZER_NUMBER_OBJECT_CONVERSION = YES_AGGRESSIVE;
				CLANG_CXX_LANGUAGE_STANDARD = "gnu++17";
				CLANG_ENABLE_MODULES = YES;
				CLANG_ENABLE_OBJC_ARC = YES;
				CLANG_ENABLE_OBJC_WEAK = YES;
				CLANG_WARN_BLOCK_CAPTURE_AUTORELEASING = YES;
				CLANG_WARN_BOOL_CONVERSION = YES;
				CLANG_WARN_COMMA = YES;
				CLANG_WARN_CONSTANT_CONVERSION = YES;
				CLANG_WARN_DEPRECATED_OBJC_IMPLEMENTATIONS = YES;
				CLANG_WARN_DIRECT_OBJC_ISA_USAGE = YES_ERROR;
				CLANG_WARN_DOCUMENTATION_COMMENTS = YES;
				CLANG_WARN_EMPTY_BODY = YES;
				CLANG_WARN_ENUM_CONVERSION = YES;
				CLANG_WARN_INFINITE_RECURSION = YES;
				CLANG_WARN_INT_CONVERSION = YES;
				CLANG_WARN_NON_LITERAL_NULL_CONVERSION = YES;
				CLANG_WARN_OBJC_IMPLICIT_RETAIN_SELF = YES;
				CLANG_WARN_OBJC_LITERAL_CONVERSION = YES;
				CLANG_WARN_OBJC_ROOT_CLASS = YES_ERROR;
				CLANG_WARN_QUOTED_INCLUDE_IN_FRAMEWORK_HEADER = YES;
				CLANG_WARN_RANGE_LOOP_ANALYSIS = YES;
				CLANG_WARN_STRICT_PROTOTYPES = YES;
				CLANG_WARN_SUSPICIOUS_MOVE = YES;
				CLANG_WARN_UNGUARDED_AVAILABILITY = YES_AGGRESSIVE;
				CLANG_WARN_UNREACHABLE_CODE = YES;
				CLANG_WARN__DUPLICATE_METHOD_MATCH = YES;
				COPY_PHASE_STRIP = NO;
				DEBUG_INFORMATION_FORMAT = "dwarf-with-dsym";
				ENABLE_NS_ASSERTIONS = NO;
				ENABLE_STRICT_OBJC_MSGSEND = YES;
				GCC_C_LANGUAGE_STANDARD = gnu11;
				GCC_NO_COMMON_BLOCKS = YES;
				GCC_WARN_64_TO_32_BIT_CONVERSION = YES;
				GCC_WARN_ABOUT_RETURN_TYPE = YES_ERROR;
				GCC_WARN_UNDECLARED_SELECTOR = YES;
				GCC_WARN_UNINITIALIZED_AUTOS = YES_AGGRESSIVE;
				GCC_WARN_UNUSED_FUNCTION = YES;
				GCC_WARN_UNUSED_VARIABLE = YES;
				IPHONEOS_DEPLOYMENT_TARGET = 15.5;
				MTL_ENABLE_DEBUG_INFO = NO;
				MTL_FAST_MATH = YES;
				SDKROOT = iphoneos;
				SWIFT_COMPILATION_MODE = wholemodule;
				SWIFT_OPTIMIZATION_LEVEL = "-O";
				VALIDATE_PRODUCT = YES;
			};
			name = Release;
		};
		E3FC38F92894FF75002441C9 /* Debug */ = {
			isa = XCBuildConfiguration;
			baseConfigurationReference = F3E0C0CA4A01455C313CE915 /* Pods-NFT.debug.xcconfig */;
			buildSettings = {
				ASSETCATALOG_COMPILER_APPICON_NAME = AppIcon;
				ASSETCATALOG_COMPILER_GLOBAL_ACCENT_COLOR_NAME = AccentColor;
				CODE_SIGN_ENTITLEMENTS = NFT/NFT.entitlements;
				CODE_SIGN_STYLE = Automatic;
				CURRENT_PROJECT_VERSION = 1;
				DEVELOPMENT_TEAM = 688865WYRV;
				GENERATE_INFOPLIST_FILE = YES;
				INFOPLIST_FILE = NFT/Info.plist;
				INFOPLIST_KEY_UIApplicationSupportsIndirectInputEvents = YES;
				INFOPLIST_KEY_UILaunchStoryboardName = LaunchScreen;
				INFOPLIST_KEY_UISupportedInterfaceOrientations = UIInterfaceOrientationPortrait;
				INFOPLIST_KEY_UISupportedInterfaceOrientations_iPad = "UIInterfaceOrientationPortrait UIInterfaceOrientationPortraitUpsideDown UIInterfaceOrientationLandscapeLeft UIInterfaceOrientationLandscapeRight";
				INFOPLIST_KEY_UISupportedInterfaceOrientations_iPhone = "UIInterfaceOrientationPortrait UIInterfaceOrientationLandscapeLeft UIInterfaceOrientationLandscapeRight";
				LD_RUNPATH_SEARCH_PATHS = (
					"$(inherited)",
					"@executable_path/Frameworks",
				);
				MARKETING_VERSION = 1.0;
				PRODUCT_BUNDLE_IDENTIFIER = da.ge.NFT;
				PRODUCT_NAME = "$(TARGET_NAME)";
				SWIFT_EMIT_LOC_STRINGS = YES;
				SWIFT_VERSION = 5.0;
				TARGETED_DEVICE_FAMILY = 1;
			};
			name = Debug;
		};
		E3FC38FA2894FF75002441C9 /* Release */ = {
			isa = XCBuildConfiguration;
			baseConfigurationReference = B00DDF38B179AD541803755A /* Pods-NFT.release.xcconfig */;
			buildSettings = {
				ASSETCATALOG_COMPILER_APPICON_NAME = AppIcon;
				ASSETCATALOG_COMPILER_GLOBAL_ACCENT_COLOR_NAME = AccentColor;
				CODE_SIGN_ENTITLEMENTS = NFT/NFT.entitlements;
				CODE_SIGN_STYLE = Automatic;
				CURRENT_PROJECT_VERSION = 1;
				DEVELOPMENT_TEAM = 688865WYRV;
				GENERATE_INFOPLIST_FILE = YES;
				INFOPLIST_FILE = NFT/Info.plist;
				INFOPLIST_KEY_UIApplicationSupportsIndirectInputEvents = YES;
				INFOPLIST_KEY_UILaunchStoryboardName = LaunchScreen;
				INFOPLIST_KEY_UISupportedInterfaceOrientations = UIInterfaceOrientationPortrait;
				INFOPLIST_KEY_UISupportedInterfaceOrientations_iPad = "UIInterfaceOrientationPortrait UIInterfaceOrientationPortraitUpsideDown UIInterfaceOrientationLandscapeLeft UIInterfaceOrientationLandscapeRight";
				INFOPLIST_KEY_UISupportedInterfaceOrientations_iPhone = "UIInterfaceOrientationPortrait UIInterfaceOrientationLandscapeLeft UIInterfaceOrientationLandscapeRight";
				LD_RUNPATH_SEARCH_PATHS = (
					"$(inherited)",
					"@executable_path/Frameworks",
				);
				MARKETING_VERSION = 1.0;
				PRODUCT_BUNDLE_IDENTIFIER = da.ge.NFT;
				PRODUCT_NAME = "$(TARGET_NAME)";
				SWIFT_EMIT_LOC_STRINGS = YES;
				SWIFT_VERSION = 5.0;
				TARGETED_DEVICE_FAMILY = 1;
			};
			name = Release;
		};
/* End XCBuildConfiguration section */

/* Begin XCConfigurationList section */
		E3FC38DF2894FF74002441C9 /* Build configuration list for PBXProject "NFT" */ = {
			isa = XCConfigurationList;
			buildConfigurations = (
				E3FC38F62894FF75002441C9 /* Debug */,
				E3FC38F72894FF75002441C9 /* Release */,
			);
			defaultConfigurationIsVisible = 0;
			defaultConfigurationName = Release;
		};
		E3FC38F82894FF75002441C9 /* Build configuration list for PBXNativeTarget "NFT" */ = {
			isa = XCConfigurationList;
			buildConfigurations = (
				E3FC38F92894FF75002441C9 /* Debug */,
				E3FC38FA2894FF75002441C9 /* Release */,
			);
			defaultConfigurationIsVisible = 0;
			defaultConfigurationName = Release;
		};
/* End XCConfigurationList section */
	};
	rootObject = E3FC38DC2894FF74002441C9 /* Project object */;
}
